{
  "name": "E-Commerce",
  "lockfileVersion": 3,
  "requires": true,
  "packages": {
    "": {
      "dependencies": {
        "@stripe/stripe-js": "^7.6.1"
      }
    },
    "node_modules/@stripe/stripe-js": {
      "version": "7.6.1",
      "resolved": "https://registry.npmjs.org/@stripe/stripe-js/-/stripe-js-7.6.1.tgz",
      "integrity": "sha512-BUDj5gujbtx53/Cexws0+aPrEBsKAN8ExPf9UfuTCivVU6ug2PjqI0zUeL1jon3795eOLlyqvCDjp6VNknjE0A==",
      "license": "MIT",
      "engines": {
        "node": ">=12.16"
      }
    }
  }
}
